Microsoft Visual Studio Solution File, Format Version 12.00
# Visual Studio Version 17
VisualStudioVersion = 17.5.2.0
MinimumVisualStudioVersion = 10.0.40219.1
Project("{FAE04EC0-301F-11D3-BF4B-00C04F79EFBC}") = "CTM", "CTM.csproj", "{F7C49E81-C5D0-0F33-E453-15D4E43E5187}"
EndProject
Global
	GlobalSection(SolutionConfigurationPlatforms) = preSolution
		Debug|Any CPU = Debug|Any CPU
		Release|Any CPU = Release|Any CPU
	EndGlobalSection
	GlobalSection(ProjectConfigurationPlatforms) = postSolution
		{F7C49E81-C5D0-0F33-E453-15D4E43E5187}.Debug|Any CPU.ActiveCfg = Debug|Any CPU
		{F7C49E81-C5D0-0F33-E453-15D4E43E5187}.Debug|Any CPU.Build.0 = Debug|Any CPU
		{F7C49E81-C5D0-0F33-E453-15D4E43E5187}.Release|Any CPU.ActiveCfg = Release|Any CPU
		{F7C49E81-C5D0-0F33-E453-15D4E43E5187}.Release|Any CPU.Build.0 = Release|Any CPU
	EndGlobalSection
	GlobalSection(SolutionProperties) = preSolution
		HideSolutionNode = FALSE
	EndGlobalSection
	GlobalSection(ExtensibilityGlobals) = postSolution
		SolutionGuid = {83C35765-57DF-4FFF-A843-FA95C1B80560}
	EndGlobalSection
EndGlobal
